
Microsoft Visual Studio Solution File, Format Version 12.00
# Visual Studio Version 17
VisualStudioVersion = 17.8.34004.107
MinimumVisualStudioVersion = 10.0.40219.1
Project("{9A19103F-16F7-4668-BE54-9A1E7A4F7556}") = "MyAppWeb", "MyAppWeb\MyAppWeb.csproj", "{3F8EE29B-63B1-42A1-A9EC-A0898AD30836}"
EndProject
Project("{FAE04EC0-301F-11D3-BF4B-00C04F79EFBC}") = "MyApp.Models", "MyApp.Models\MyApp.Models.csproj", "{A82854FD-C1FA-4C7C-809D-0865B56D2D38}"
EndProject
Project("{FAE04EC0-301F-11D3-BF4B-00C04F79EFBC}") = "MyApp.DataAccessLayer", "MyApp.DataAccessLayer\MyApp.DataAccessLayer.csproj", "{5C589CC0-A9D7-4038-B06B-F5BE11CF8DCB}"
EndProject
Global
	GlobalSection(SolutionConfigurationPlatforms) = preSolution
		Debug|Any CPU = Debug|Any CPU
		Release|Any CPU = Release|Any CPU
	EndGlobalSection
	GlobalSection(ProjectConfigurationPlatforms) = postSolution
		{3F8EE29B-63B1-42A1-A9EC-A0898AD30836}.Debug|Any CPU.ActiveCfg = Debug|Any CPU
		{3F8EE29B-63B1-42A1-A9EC-A0898AD30836}.Debug|Any CPU.Build.0 = Debug|Any CPU
		{3F8EE29B-63B1-42A1-A9EC-A0898AD30836}.Release|Any CPU.ActiveCfg = Release|Any CPU
		{3F8EE29B-63B1-42A1-A9EC-A0898AD30836}.Release|Any CPU.Build.0 = Release|Any CPU
		{A82854FD-C1FA-4C7C-809D-0865B56D2D38}.Debug|Any CPU.ActiveCfg = Debug|Any CPU
		{A82854FD-C1FA-4C7C-809D-0865B56D2D38}.Debug|Any CPU.Build.0 = Debug|Any CPU
		{A82854FD-C1FA-4C7C-809D-0865B56D2D38}.Release|Any CPU.ActiveCfg = Release|Any CPU
		{A82854FD-C1FA-4C7C-809D-0865B56D2D38}.Release|Any CPU.Build.0 = Release|Any CPU
		{5C589CC0-A9D7-4038-B06B-F5BE11CF8DCB}.Debug|Any CPU.ActiveCfg = Debug|Any CPU
		{5C589CC0-A9D7-4038-B06B-F5BE11CF8DCB}.Debug|Any CPU.Build.0 = Debug|Any CPU
		{5C589CC0-A9D7-4038-B06B-F5BE11CF8DCB}.Release|Any CPU.ActiveCfg = Release|Any CPU
		{5C589CC0-A9D7-4038-B06B-F5BE11CF8DCB}.Release|Any CPU.Build.0 = Release|Any CPU
	EndGlobalSection
	GlobalSection(SolutionProperties) = preSolution
		HideSolutionNode = FALSE
	EndGlobalSection
	GlobalSection(ExtensibilityGlobals) = postSolution
		SolutionGuid = {3E1E8474-4F4C-4FC2-97DA-BCF72412CD11}
	EndGlobalSection
EndGlobal
